// !$*UTF8*$!
{
	archiveVersion = 1;
	classes = {
	};
	objectVersion = 48;
	objects = {

/* Begin PBXBuildFile section */
		5C8C0E7C2018F2AE00C3DC06 /* DisplayViewController.swift in Sources */ = {isa = PBXBuildFile; fileRef = 5C8C0E7A2018F2AE00C3DC06 /* DisplayViewController.swift */; };
		5C8C0E7D2018F2AE00C3DC06 /* DisplayViewController.xib in Resources */ = {isa = PBXBuildFile; fileRef = 5C8C0E7B2018F2AE00C3DC06 /* DisplayViewController.xib */; };
		64DE600D2018AFFC00EF60C3 /* AppDelegate.swift in Sources */ = {isa = PBXBuildFile; fileRef = 64DE600C2018AFFC00EF60C3 /* AppDelegate.swift */; };
		64DE600F2018AFFC00EF60C3 /* ViewController.swift in Sources */ = {isa = PBXBuildFile; fileRef = 64DE600E2018AFFC00EF60C3 /* ViewController.swift */; };
		64DE60122018AFFC00EF60C3 /* Main.storyboard in Resources */ = {isa = PBXBuildFile; fileRef = 64DE60102018AFFC00EF60C3 /* Main.storyboard */; };
		64DE60142018AFFC00EF60C3 /* Assets.xcassets in Resources */ = {isa = PBXBuildFile; fileRef = 64DE60132018AFFC00EF60C3 /* Assets.xcassets */; };
		64DE60172018AFFC00EF60C3 /* LaunchScreen.storyboard in Resources */ = {isa = PBXBuildFile; fileRef = 64DE60152018AFFC00EF60C3 /* LaunchScreen.storyboard */; };
		64DE601F2018B3A000EF60C3 /* Response.swift in Sources */ = {isa = PBXBuildFile; fileRef = 64DE601E2018B3A000EF60C3 /* Response.swift */; };
		FF6F576F9B82C90CC302BC3A /* Pods_Sample.framework in Frameworks */ = {isa = PBXBuildFile; fileRef = 0CE951D399A2F9B87AAF5153 /* Pods_Sample.framework */; };
/* End PBXBuildFile section */

/* Begin PBXFileReference section */
		0CE951D399A2F9B87AAF5153 /* Pods_Sample.framework */ = {isa = PBXFileReference; explicitFileType = wrapper.framework; includeInIndex = 0; path = Pods_Sample.framework; sourceTree = BUILT_PRODUCTS_DIR; };
		3A81CA63E5D315C9A0151C2A /* Pods-Sample.release.xcconfig */ = {isa = PBXFileReference; includeInIndex = 1; lastKnownFileType = text.xcconfig; name = "Pods-Sample.release.xcconfig"; path = "Pods/Target Support Files/Pods-Sample/Pods-Sample.release.xcconfig"; sourceTree = "<group>"; };
		5C8C0E7A2018F2AE00C3DC06 /* DisplayViewController.swift */ = {isa = PBXFileReference; lastKnownFileType = sourcecode.swift; path = DisplayViewController.swift; sourceTree = "<group>"; };
		5C8C0E7B2018F2AE00C3DC06 /* DisplayViewController.xib */ = {isa = PBXFileReference; lastKnownFileType = file.xib; path = DisplayViewController.xib; sourceTree = "<group>"; };
		64DE60092018AFFC00EF60C3 /* Sample.app */ = {isa = PBXFileReference; explicitFileType = wrapper.application; includeInIndex = 0; path = Sample.app; sourceTree = BUILT_PRODUCTS_DIR; };
		64DE600C2018AFFC00EF60C3 /* AppDelegate.swift */ = {isa = PBXFileReference; lastKnownFileType = sourcecode.swift; path = AppDelegate.swift; sourceTree = "<group>"; };
		64DE600E2018AFFC00EF60C3 /* ViewController.swift */ = {isa = PBXFileReference; lastKnownFileType = sourcecode.swift; path = ViewController.swift; sourceTree = "<group>"; };
		64DE60112018AFFC00EF60C3 /* Base */ = {isa = PBXFileReference; lastKnownFileType = file.storyboard; name = Base; path = Base.lproj/Main.storyboard; sourceTree = "<group>"; };
		64DE60132018AFFC00EF60C3 /* Assets.xcassets */ = {isa = PBXFileReference; lastKnownFileType = folder.assetcatalog; path = Assets.xcassets; sourceTree = "<group>"; };
		64DE60162018AFFC00EF60C3 /* Base */ = {isa = PBXFileReference; lastKnownFileType = file.storyboard; name = Base; path = Base.lproj/LaunchScreen.storyboard; sourceTree = "<group>"; };
		64DE60182018AFFC00EF60C3 /* Info.plist */ = {isa = PBXFileReference; lastKnownFileType = text.plist.xml; path = Info.plist; sourceTree = "<group>"; };
		64DE601E2018B3A000EF60C3 /* Response.swift */ = {isa = PBXFileReference; fileEncoding = 4; lastKnownFileType = sourcecode.swift; path = Response.swift; sourceTree = "<group>"; };
		6AD9084652DECEE41B1C97BE /* Pods-Sample.debug.xcconfig */ = {isa = PBXFileReference; includeInIndex = 1; lastKnownFileType = text.xcconfig; name = "Pods-Sample.debug.xcconfig"; path = "Pods/Target Support Files/Pods-Sample/Pods-Sample.debug.xcconfig"; sourceTree = "<group>"; };
/* End PBXFileReference section */

/* Begin PBXFrameworksBuildPhase section */
		64DE60062018AFFC00EF60C3 /* Frameworks */ = {
			isa = PBXFrameworksBuildPhase;
			buildActionMask = 2147483647;
			files = (
				FF6F576F9B82C90CC302BC3A /* Pods_Sample.framework in Frameworks */,
			);
			runOnlyForDeploymentPostprocessing = 0;
		};
/* End PBXFrameworksBuildPhase section */

/* Begin PBXGroup section */
		5AD020ABBA50A8E0693BE50D /* Pods */ = {
			isa = PBXGroup;
			children = (
				6AD9084652DECEE41B1C97BE /* Pods-Sample.debug.xcconfig */,
				3A81CA63E5D315C9A0151C2A /* Pods-Sample.release.xcconfig */,
			);
			name = Pods;
			sourceTree = "<group>";
		};
		64DE60002018AFFC00EF60C3 = {
			isa = PBXGroup;
			children = (
				64DE600B2018AFFC00EF60C3 /* Sample */,
				64DE600A2018AFFC00EF60C3 /* Products */,
				5AD020ABBA50A8E0693BE50D /* Pods */,
				7E6F5490007685715753B470 /* Frameworks */,
			);
			sourceTree = "<group>";
		};
		64DE600A2018AFFC00EF60C3 /* Products */ = {
			isa = PBXGroup;
			children = (
				64DE60092018AFFC00EF60C3 /* Sample.app */,
			);
			name = Products;
			sourceTree = "<group>";
		};
		64DE600B2018AFFC00EF60C3 /* Sample */ = {
			isa = PBXGroup;
			children = (
				64DE601E2018B3A000EF60C3 /* Response.swift */,
				64DE600C2018AFFC00EF60C3 /* AppDelegate.swift */,
				64DE600E2018AFFC00EF60C3 /* ViewController.swift */,
				5C8C0E7A2018F2AE00C3DC06 /* DisplayViewController.swift */,
				5C8C0E7B2018F2AE00C3DC06 /* DisplayViewController.xib */,
				64DE60102018AFFC00EF60C3 /* Main.storyboard */,
				64DE60132018AFFC00EF60C3 /* Assets.xcassets */,
				64DE60152018AFFC00EF60C3 /* LaunchScreen.storyboard */,
				64DE60182018AFFC00EF60C3 /* Info.plist */,
			);
			path = Sample;
			sourceTree = "<group>";
		};
		7E6F5490007685715753B470 /* Frameworks */ = {
			isa = PBXGroup;
			children = (
				0CE951D399A2F9B87AAF5153 /* Pods_Sample.framework */,
			);
			name = Frameworks;
			sourceTree = "<group>";
		};
/* End PBXGroup section */

/* Begin PBXNativeTarget section */
		64DE60082018AFFC00EF60C3 /* Sample */ = {
			isa = PBXNativeTarget;
			buildConfigurationList = 64DE601B2018AFFC00EF60C3 /* Build configuration list for PBXNativeTarget "Sample" */;
			buildPhases = (
				382C42AF49A01CD03659DEE6 /* [CP] Check Pods Manifest.lock */,
				64DE60052018AFFC00EF60C3 /* Sources */,
				64DE60062018AFFC00EF60C3 /* Frameworks */,
				64DE60072018AFFC00EF60C3 /* Resources */,
				A976E00ACB3A6C115145894B /* [CP] Embed Pods Frameworks */,
				7EE6C14411620EBAFE85CD03 /* [CP] Copy Pods Resources */,
			);
			buildRules = (
			);
			dependencies = (
			);
			name = Sample;
			productName = Sample;
			productReference = 64DE60092018AFFC00EF60C3 /* Sample.app */;
			productType = "com.apple.product-type.application";
		};
/* End PBXNativeTarget section */

/* Begin PBXProject section */
		64DE60012018AFFC00EF60C3 /* Project object */ = {
			isa = PBXProject;
			attributes = {
				LastSwiftUpdateCheck = 0920;
				LastUpgradeCheck = 0920;
				ORGANIZATIONNAME = "Meniny Lab";
				TargetAttributes = {
					64DE60082018AFFC00EF60C3 = {
						CreatedOnToolsVersion = 9.2;
						ProvisioningStyle = Automatic;
					};
				};
			};
			buildConfigurationList = 64DE60042018AFFC00EF60C3 /* Build configuration list for PBXProject "Sample" */;
			compatibilityVersion = "Xcode 8.0";
			developmentRegion = en;
			hasScannedForEncodings = 0;
			knownRegions = (
				en,
				Base,
			);
			mainGroup = 64DE60002018AFFC00EF60C3;
			productRefGroup = 64DE600A2018AFFC00EF60C3 /* Products */;
			projectDirPath = "";
			projectRoot = "";
			targets = (
				64DE60082018AFFC00EF60C3 /* Sample */,
			);
		};
/* End PBXProject section */

/* Begin PBXResourcesBuildPhase section */
		64DE60072018AFFC00EF60C3 /* Resources */ = {
			isa = PBXResourcesBuildPhase;
			buildActionMask = 2147483647;
			files = (
				64DE60172018AFFC00EF60C3 /* LaunchScreen.storyboard in Resources */,
				64DE60142018AFFC00EF60C3 /* Assets.xcassets in Resources */,
				64DE60122018AFFC00EF60C3 /* Main.storyboard in Resources */,
				5C8C0E7D2018F2AE00C3DC06 /* DisplayViewController.xib in Resources */,
			);
			runOnlyForDeploymentPostprocessing = 0;
		};
/* End PBXResourcesBuildPhase section */

/* Begin PBXShellScriptBuildPhase section */
		382C42AF49A01CD03659DEE6 /* [CP] Check Pods Manifest.lock */ = {
			isa = PBXShellScriptBuildPhase;
			buildActionMask = 2147483647;
			files = (
			);
			inputPaths = (
				"${PODS_PODFILE_DIR_PATH}/Podfile.lock",
				"${PODS_ROOT}/Manifest.lock",
			);
			name = "[CP] Check Pods Manifest.lock";
			outputPaths = (
				"$(DERIVED_FILE_DIR)/Pods-Sample-checkManifestLockResult.txt",
			);
			runOnlyForDeploymentPostprocessing = 0;
			shellPath = /bin/sh;
			shellScript = "diff \"${PODS_PODFILE_DIR_PATH}/Podfile.lock\" \"${PODS_ROOT}/Manifest.lock\" > /dev/null\nif [ $? != 0 ] ; then\n    # print error to STDERR\n    echo \"error: The sandbox is not in sync with the Podfile.lock. Run 'pod install' or update your CocoaPods installation.\" >&2\n    exit 1\nfi\n# This output is used by Xcode 'outputs' to avoid re-running this script phase.\necho \"SUCCESS\" > \"${SCRIPT_OUTPUT_FILE_0}\"\n";
			showEnvVarsInLog = 0;
		};
		7EE6C14411620EBAFE85CD03 /* [CP] Copy Pods Resources */ = {
			isa = PBXShellScriptBuildPhase;
			buildActionMask = 2147483647;
			files = (
			);
			inputPaths = (
			);
			name = "[CP] Copy Pods Resources";
			outputPaths = (
			);
			runOnlyForDeploymentPostprocessing = 0;
			shellPath = /bin/sh;
			shellScript = "\"${SRCROOT}/Pods/Target Support Files/Pods-Sample/Pods-Sample-resources.sh\"\n";
			showEnvVarsInLog = 0;
		};
		A976E00ACB3A6C115145894B /* [CP] Embed Pods Frameworks */ = {
			isa = PBXShellScriptBuildPhase;
			buildActionMask = 2147483647;
			files = (
			);
			inputPaths = (
				"${SRCROOT}/Pods/Target Support Files/Pods-Sample/Pods-Sample-frameworks.sh",
				"${BUILT_PRODUCTS_DIR}/Ghost/Ghost.framework",
			);
			name = "[CP] Embed Pods Frameworks";
			outputPaths = (
				"${TARGET_BUILD_DIR}/${FRAMEWORKS_FOLDER_PATH}/Ghost.framework",
			);
			runOnlyForDeploymentPostprocessing = 0;
			shellPath = /bin/sh;
			shellScript = "\"${SRCROOT}/Pods/Target Support Files/Pods-Sample/Pods-Sample-frameworks.sh\"\n";
			showEnvVarsInLog = 0;
		};
/* End PBXShellScriptBuildPhase section */

/* Begin PBXSourcesBuildPhase section */
		64DE60052018AFFC00EF60C3 /* Sources */ = {
			isa = PBXSourcesBuildPhase;
			buildActionMask = 2147483647;
			files = (
				64DE600F2018AFFC00EF60C3 /* ViewController.swift in Sources */,
				64DE600D2018AFFC00EF60C3 /* AppDelegate.swift in Sources */,
				64DE601F2018B3A000EF60C3 /* Response.swift in Sources */,
				5C8C0E7C2018F2AE00C3DC06 /* DisplayViewController.swift in Sources */,
			);
			runOnlyForDeploymentPostprocessing = 0;
		};
/* End PBXSourcesBuildPhase section */

/* Begin PBXVariantGroup section */
		64DE60102018AFFC00EF60C3 /* Main.storyboard */ = {
			isa = PBXVariantGroup;
			children = (
				64DE60112018AFFC00EF60C3 /* Base */,
			);
			name = Main.storyboard;
			sourceTree = "<group>";
		};
		64DE60152018AFFC00EF60C3 /* LaunchScreen.storyboard */ = {
			isa = PBXVariantGroup;
			children = (
				64DE60162018AFFC00EF60C3 /* Base */,
			);
			name = LaunchScreen.storyboard;
			sourceTree = "<group>";
		};
/* End PBXVariantGroup section */

/* Begin XCBuildConfiguration section */
		64DE60192018AFFC00EF60C3 /* Debug */ = {
			isa = XCBuildConfiguration;
			buildSettings = {
				ALWAYS_SEARCH_USER_PATHS = NO;
				CLANG_ANALYZER_NONNULL = YES;
				CLANG_ANALYZER_NUMBER_OBJECT_CONVERSION = YES_AGGRESSIVE;
				CLANG_CXX_LANGUAGE_STANDARD = "gnu++14";
				CLANG_CXX_LIBRARY = "libc++";
				CLANG_ENABLE_MODULES = YES;
				CLANG_ENABLE_OBJC_ARC = YES;
				CLANG_WARN_BLOCK_CAPTURE_AUTORELEASING = YES;
				CLANG_WARN_BOOL_CONVERSION = YES;
				CLANG_WARN_COMMA = YES;
				CLANG_WARN_CONSTANT_CONVERSION = YES;
				CLANG_WARN_DIRECT_OBJC_ISA_USAGE = YES_ERROR;
				CLANG_WARN_DOCUMENTATION_COMMENTS = YES;
				CLANG_WARN_EMPTY_BODY = YES;
				CLANG_WARN_ENUM_CONVERSION = YES;
				CLANG_WARN_INFINITE_RECURSION = YES;
				CLANG_WARN_INT_CONVERSION = YES;
				CLANG_WARN_NON_LITERAL_NULL_CONVERSION = YES;
				CLANG_WARN_OBJC_LITERAL_CONVERSION = YES;
				CLANG_WARN_OBJC_ROOT_CLASS = YES_ERROR;
				CLANG_WARN_RANGE_LOOP_ANALYSIS = YES;
				CLANG_WARN_STRICT_PROTOTYPES = YES;
				CLANG_WARN_SUSPICIOUS_MOVE = YES;
				CLANG_WARN_UNGUARDED_AVAILABILITY = YES_AGGRESSIVE;
				CLANG_WARN_UNREACHABLE_CODE = YES;
				CLANG_WARN__DUPLICATE_METHOD_MATCH = YES;
				CODE_SIGN_IDENTITY = "iPhone Developer";
				COPY_PHASE_STRIP = NO;
				DEBUG_INFORMATION_FORMAT = dwarf;
				ENABLE_STRICT_OBJC_MSGSEND = YES;
				ENABLE_TESTABILITY = YES;
				GCC_C_LANGUAGE_STANDARD = gnu11;
				GCC_DYNAMIC_NO_PIC = NO;
				GCC_NO_COMMON_BLOCKS = YES;
				GCC_OPTIMIZATION_LEVEL = 0;
				GCC_PREPROCESSOR_DEFINITIONS = (
					"DEBUG=1",
					"$(inherited)",
				);
				GCC_WARN_64_TO_32_BIT_CONVERSION = YES;
				GCC_WARN_ABOUT_RETURN_TYPE = YES_ERROR;
				GCC_WARN_UNDECLARED_SELECTOR = YES;
				GCC_WARN_UNINITIALIZED_AUTOS = YES_AGGRESSIVE;
				GCC_WARN_UNUSED_FUNCTION = YES;
				GCC_WARN_UNUSED_VARIABLE = YES;
				IPHONEOS_DEPLOYMENT_TARGET = 11.2;
				MTL_ENABLE_DEBUG_INFO = YES;
				ONLY_ACTIVE_ARCH = YES;
				SDKROOT = iphoneos;
				SWIFT_ACTIVE_COMPILATION_CONDITIONS = DEBUG;
				SWIFT_OPTIMIZATION_LEVEL = "-Onone";
			};
			name = Debug;
		};
		64DE601A2018AFFC00EF60C3 /* Release */ = {
			isa = XCBuildConfiguration;
			buildSettings = {
				ALWAYS_SEARCH_USER_PATHS = NO;
				CLANG_ANALYZER_NONNULL = YES;
				CLANG_ANALYZER_NUMBER_OBJECT_CONVERSION = YES_AGGRESSIVE;
				CLANG_CXX_LANGUAGE_STANDARD = "gnu++14";
				CLANG_CXX_LIBRARY = "libc++";
				CLANG_ENABLE_MODULES = YES;
				CLANG_ENABLE_OBJC_ARC = YES;
				CLANG_WARN_BLOCK_CAPTURE_AUTORELEASING = YES;
				CLANG_WARN_BOOL_CONVERSION = YES;
				CLANG_WARN_COMMA = YES;
				CLANG_WARN_CONSTANT_CONVERSION = YES;
				CLANG_WARN_DIRECT_OBJC_ISA_USAGE = YES_ERROR;
				CLANG_WARN_DOCUMENTATION_COMMENTS = YES;
				CLANG_WARN_EMPTY_BODY = YES;
				CLANG_WARN_ENUM_CONVERSION = YES;
				CLANG_WARN_INFINITE_RECURSION = YES;
				CLANG_WARN_INT_CONVERSION = YES;
				CLANG_WARN_NON_LITERAL_NULL_CONVERSION = YES;
				CLANG_WARN_OBJC_LITERAL_CONVERSION = YES;
				CLANG_WARN_OBJC_ROOT_CLASS = YES_ERROR;
				CLANG_WARN_RANGE_LOOP_ANALYSIS = YES;
				CLANG_WARN_STRICT_PROTOTYPES = YES;
				CLANG_WARN_SUSPICIOUS_MOVE = YES;
				CLANG_WARN_UNGUARDED_AVAILABILITY = YES_AGGRESSIVE;
				CLANG_WARN_UNREACHABLE_CODE = YES;
				CLANG_WARN__DUPLICATE_METHOD_MATCH = YES;
				CODE_SIGN_IDENTITY = "iPhone Developer";
				COPY_PHASE_STRIP = NO;
				DEBUG_INFORMATION_FORMAT = "dwarf-with-dsym";
				ENABLE_NS_ASSERTIONS = NO;
				ENABLE_STRICT_OBJC_MSGSEND = YES;
				GCC_C_LANGUAGE_STANDARD = gnu11;
				GCC_NO_COMMON_BLOCKS = YES;
				GCC_WARN_64_TO_32_BIT_CONVERSION = YES;
				GCC_WARN_ABOUT_RETURN_TYPE = YES_ERROR;
				GCC_WARN_UNDECLARED_SELECTOR = YES;
				GCC_WARN_UNINITIALIZED_AUTOS = YES_AGGRESSIVE;
				GCC_WARN_UNUSED_FUNCTION = YES;
				GCC_WARN_UNUSED_VARIABLE = YES;
				IPHONEOS_DEPLOYMENT_TARGET = 11.2;
				MTL_ENABLE_DEBUG_INFO = NO;
				SDKROOT = iphoneos;
				SWIFT_OPTIMIZATION_LEVEL = "-Owholemodule";
				VALIDATE_PRODUCT = YES;
			};
			name = Release;
		};
		64DE601C2018AFFC00EF60C3 /* Debug */ = {
			isa = XCBuildConfiguration;
			baseConfigurationReference = 6AD9084652DECEE41B1C97BE /* Pods-Sample.debug.xcconfig */;
			buildSettings = {
				ASSETCATALOG_COMPILER_APPICON_NAME = AppIcon;
				CODE_SIGN_STYLE = Automatic;
				DEVELOPMENT_TEAM = 63YL5QDMNS;
				INFOPLIST_FILE = Sample/Info.plist;
				IPHONEOS_DEPLOYMENT_TARGET = 9.0;
				LD_RUNPATH_SEARCH_PATHS = "$(inherited) @executable_path/Frameworks";
				PRODUCT_BUNDLE_IDENTIFIER = cn.meniny.Ghost.Sample;
				PRODUCT_NAME = "$(TARGET_NAME)";
				SWIFT_VERSION = 4.0;
				TARGETED_DEVICE_FAMILY = "1,2";
			};
			name = Debug;
		};
		64DE601D2018AFFC00EF60C3 /* Release */ = {
			isa = XCBuildConfiguration;
			baseConfigurationReference = 3A81CA63E5D315C9A0151C2A /* Pods-Sample.release.xcconfig */;
			buildSettings = {
				ASSETCATALOG_COMPILER_APPICON_NAME = AppIcon;
				CODE_SIGN_STYLE = Automatic;
				DEVELOPMENT_TEAM = 63YL5QDMNS;
				INFOPLIST_FILE = Sample/Info.plist;
				IPHONEOS_DEPLOYMENT_TARGET = 9.0;
				LD_RUNPATH_SEARCH_PATHS = "$(inherited) @executable_path/Frameworks";
				PRODUCT_BUNDLE_IDENTIFIER = cn.meniny.Ghost.Sample;
				PRODUCT_NAME = "$(TARGET_NAME)";
				SWIFT_VERSION = 4.0;
				TARGETED_DEVICE_FAMILY = "1,2";
			};
			name = Release;
		};
/* End XCBuildConfiguration section */

/* Begin XCConfigurationList section */
		64DE60042018AFFC00EF60C3 /* Build configuration list for PBXProject "Sample" */ = {
			isa = XCConfigurationList;
			buildConfigurations = (
				64DE60192018AFFC00EF60C3 /* Debug */,
				64DE601A2018AFFC00EF60C3 /* Release */,
			);
			defaultConfigurationIsVisible = 0;
			defaultConfigurationName = Release;
		};
		64DE601B2018AFFC00EF60C3 /* Build configuration list for PBXNativeTarget "Sample" */ = {
			isa = XCConfigurationList;
			buildConfigurations = (
				64DE601C2018AFFC00EF60C3 /* Debug */,
				64DE601D2018AFFC00EF60C3 /* Release */,
			);
			defaultConfigurationIsVisible = 0;
			defaultConfigurationName = Release;
		};
/* End XCConfigurationList section */
	};
	rootObject = 64DE60012018AFFC00EF60C3 /* Project object */;
}
