PODS:
  - Ghost (1.0.0):
    - Ghost/Core (= 1.0.0)
    - Ghost/URLSession (= 1.0.0)
  - Ghost/Core (1.0.0)
  - Ghost/URLSession (1.0.0):
    - Ghost/Core

DEPENDENCIES:
  - Ghost (from `../`)

EXTERNAL SOURCES:
  Ghost:
    :path: ../

SPEC CHECKSUMS:
  Ghost: 2cce1aab70ac9b3ce72ce3c66287b75255bbaca8

PODFILE CHECKSUM: 690dac112f95e3248cbb53a1be9a8c7ec46a7f70

COCOAPODS: 1.4.0
